
Microsoft Visual Studio Solution File, Format Version 12.00
# Visual Studio Version 17
VisualStudioVersion = 17.5.33627.172
MinimumVisualStudioVersion = 10.0.40219.1
Project("{FAE04EC0-301F-11D3-BF4B-00C04F79EFBC}") = "EvenOrOdd", "EvenOrOdd\EvenOrOdd.csproj", "{1B336ECE-630D-4ABE-B90D-89FACCD61879}"
EndProject
Global
	GlobalSection(SolutionConfigurationPlatforms) = preSolution
		Debug|Any CPU = Debug|Any CPU
		Release|Any CPU = Release|Any CPU
	EndGlobalSection
	GlobalSection(ProjectConfigurationPlatforms) = postSolution
		{1B336ECE-630D-4ABE-B90D-89FACCD61879}.Debug|Any CPU.ActiveCfg = Debug|Any CPU
		{1B336ECE-630D-4ABE-B90D-89FACCD61879}.Debug|Any CPU.Build.0 = Debug|Any CPU
		{1B336ECE-630D-4ABE-B90D-89FACCD61879}.Release|Any CPU.ActiveCfg = Release|Any CPU
		{1B336ECE-630D-4ABE-B90D-89FACCD61879}.Release|Any CPU.Build.0 = Release|Any CPU
	EndGlobalSection
	GlobalSection(SolutionProperties) = preSolution
		HideSolutionNode = FALSE
	EndGlobalSection
	GlobalSection(ExtensibilityGlobals) = postSolution
		SolutionGuid = {87F485DB-B91C-4908-9ABD-516F02ECD751}
	EndGlobalSection
EndGlobal
