
Microsoft Visual Studio Solution File, Format Version 12.00
# Visual Studio Version 17
VisualStudioVersion = 17.5.33627.172
MinimumVisualStudioVersion = 10.0.40219.1
Project("{FAE04EC0-301F-11D3-BF4B-00C04F79EFBC}") = "PowerOf2", "PowerOf2\PowerOf2.csproj", "{D048D53A-82E3-4C68-BC16-267CE6CA05BA}"
EndProject
Global
	GlobalSection(SolutionConfigurationPlatforms) = preSolution
		Debug|Any CPU = Debug|Any CPU
		Release|Any CPU = Release|Any CPU
	EndGlobalSection
	GlobalSection(ProjectConfigurationPlatforms) = postSolution
		{D048D53A-82E3-4C68-BC16-267CE6CA05BA}.Debug|Any CPU.ActiveCfg = Debug|Any CPU
		{D048D53A-82E3-4C68-BC16-267CE6CA05BA}.Debug|Any CPU.Build.0 = Debug|Any CPU
		{D048D53A-82E3-4C68-BC16-267CE6CA05BA}.Release|Any CPU.ActiveCfg = Release|Any CPU
		{D048D53A-82E3-4C68-BC16-267CE6CA05BA}.Release|Any CPU.Build.0 = Release|Any CPU
	EndGlobalSection
	GlobalSection(SolutionProperties) = preSolution
		HideSolutionNode = FALSE
	EndGlobalSection
	GlobalSection(ExtensibilityGlobals) = postSolution
		SolutionGuid = {FAD61D54-2CAE-48AA-A5E8-17A9A61F9B40}
	EndGlobalSection
EndGlobal
