
Microsoft Visual Studio Solution File, Format Version 12.00
# Visual Studio Version 17
VisualStudioVersion = 17.5.33627.172
MinimumVisualStudioVersion = 10.0.40219.1
Project("{FAE04EC0-301F-11D3-BF4B-00C04F79EFBC}") = "VowelOrConsonant", "VowelOrConsonant\VowelOrConsonant.csproj", "{10A1F962-E84F-4121-97CE-6F3367A315D0}"
EndProject
Global
	GlobalSection(SolutionConfigurationPlatforms) = preSolution
		Debug|Any CPU = Debug|Any CPU
		Release|Any CPU = Release|Any CPU
	EndGlobalSection
	GlobalSection(ProjectConfigurationPlatforms) = postSolution
		{10A1F962-E84F-4121-97CE-6F3367A315D0}.Debug|Any CPU.ActiveCfg = Debug|Any CPU
		{10A1F962-E84F-4121-97CE-6F3367A315D0}.Debug|Any CPU.Build.0 = Debug|Any CPU
		{10A1F962-E84F-4121-97CE-6F3367A315D0}.Release|Any CPU.ActiveCfg = Release|Any CPU
		{10A1F962-E84F-4121-97CE-6F3367A315D0}.Release|Any CPU.Build.0 = Release|Any CPU
	EndGlobalSection
	GlobalSection(SolutionProperties) = preSolution
		HideSolutionNode = FALSE
	EndGlobalSection
	GlobalSection(ExtensibilityGlobals) = postSolution
		SolutionGuid = {F086F349-44B8-49B6-B9FD-63C8F04D2116}
	EndGlobalSection
EndGlobal
